// !$*UTF8*$!
{
	archiveVersion = 1;
	classes = {
	};
	objectVersion = 56;
	objects = {

/* Begin PBXBuildFile section */
		1737CFE22BBE64420065324C /* ContactStruct.swift in Sources */ = {isa = PBXBuildFile; fileRef = 1737CFE12BBE64420065324C /* ContactStruct.swift */; };
		1737CFE62BBE6EB60065324C /* FriendsViewController.swift in Sources */ = {isa = PBXBuildFile; fileRef = 1737CFE52BBE6EB60065324C /* FriendsViewController.swift */; };
		1737CFE82BBE6EF70065324C /* ContactViewController.swift in Sources */ = {isa = PBXBuildFile; fileRef = 1737CFE72BBE6EF70065324C /* ContactViewController.swift */; };
		17E6A3422BBC1059000E4867 /* AppDelegate.swift in Sources */ = {isa = PBXBuildFile; fileRef = 17E6A3412BBC1059000E4867 /* AppDelegate.swift */; };
		17E6A3442BBC1059000E4867 /* SceneDelegate.swift in Sources */ = {isa = PBXBuildFile; fileRef = 17E6A3432BBC1059000E4867 /* SceneDelegate.swift */; };
		17E6A3462BBC1059000E4867 /* ViewController.swift in Sources */ = {isa = PBXBuildFile; fileRef = 17E6A3452BBC1059000E4867 /* ViewController.swift */; };
		17E6A3492BBC1059000E4867 /* Base in Resources */ = {isa = PBXBuildFile; fileRef = 17E6A3482BBC1059000E4867 /* Base */; };
		17E6A34B2BBC105B000E4867 /* Assets.xcassets in Resources */ = {isa = PBXBuildFile; fileRef = 17E6A34A2BBC105B000E4867 /* Assets.xcassets */; };
		17E6A34E2BBC105B000E4867 /* Base in Resources */ = {isa = PBXBuildFile; fileRef = 17E6A34D2BBC105B000E4867 /* Base */; };
		17E6A3562BBD0615000E4867 /* CameraViewController.swift in Sources */ = {isa = PBXBuildFile; fileRef = 17E6A3552BBD0615000E4867 /* CameraViewController.swift */; };
/* End PBXBuildFile section */

/* Begin PBXFileReference section */
		1737CFE12BBE64420065324C /* ContactStruct.swift */ = {isa = PBXFileReference; lastKnownFileType = sourcecode.swift; path = ContactStruct.swift; sourceTree = "<group>"; };
		1737CFE52BBE6EB60065324C /* FriendsViewController.swift */ = {isa = PBXFileReference; lastKnownFileType = sourcecode.swift; path = FriendsViewController.swift; sourceTree = "<group>"; };
		1737CFE72BBE6EF70065324C /* ContactViewController.swift */ = {isa = PBXFileReference; lastKnownFileType = sourcecode.swift; path = ContactViewController.swift; sourceTree = "<group>"; };
		17E6A33E2BBC1059000E4867 /* Pinxy_Prototype.app */ = {isa = PBXFileReference; explicitFileType = wrapper.application; includeInIndex = 0; path = Pinxy_Prototype.app; sourceTree = BUILT_PRODUCTS_DIR; };
		17E6A3412BBC1059000E4867 /* AppDelegate.swift */ = {isa = PBXFileReference; lastKnownFileType = sourcecode.swift; path = AppDelegate.swift; sourceTree = "<group>"; };
		17E6A3432BBC1059000E4867 /* SceneDelegate.swift */ = {isa = PBXFileReference; lastKnownFileType = sourcecode.swift; path = SceneDelegate.swift; sourceTree = "<group>"; };
		17E6A3452BBC1059000E4867 /* ViewController.swift */ = {isa = PBXFileReference; lastKnownFileType = sourcecode.swift; path = ViewController.swift; sourceTree = "<group>"; };
		17E6A3482BBC1059000E4867 /* Base */ = {isa = PBXFileReference; lastKnownFileType = file.storyboard; name = Base; path = Base.lproj/Main.storyboard; sourceTree = "<group>"; };
		17E6A34A2BBC105B000E4867 /* Assets.xcassets */ = {isa = PBXFileReference; lastKnownFileType = folder.assetcatalog; path = Assets.xcassets; sourceTree = "<group>"; };
		17E6A34D2BBC105B000E4867 /* Base */ = {isa = PBXFileReference; lastKnownFileType = file.storyboard; name = Base; path = Base.lproj/LaunchScreen.storyboard; sourceTree = "<group>"; };
		17E6A34F2BBC105B000E4867 /* Info.plist */ = {isa = PBXFileReference; lastKnownFileType = text.plist.xml; path = Info.plist; sourceTree = "<group>"; };
		17E6A3552BBD0615000E4867 /* CameraViewController.swift */ = {isa = PBXFileReference; lastKnownFileType = sourcecode.swift; path = CameraViewController.swift; sourceTree = "<group>"; };
/* End PBXFileReference section */

/* Begin PBXFrameworksBuildPhase section */
		17E6A33B2BBC1059000E4867 /* Frameworks */ = {
			isa = PBXFrameworksBuildPhase;
			buildActionMask = 2147483647;
			files = (
			);
			runOnlyForDeploymentPostprocessing = 0;
		};
/* End PBXFrameworksBuildPhase section */

/* Begin PBXGroup section */
		17604F142BC64A68005955EC /* VC */ = {
			isa = PBXGroup;
			children = (
				17E6A3552BBD0615000E4867 /* CameraViewController.swift */,
				1737CFE52BBE6EB60065324C /* FriendsViewController.swift */,
				1737CFE72BBE6EF70065324C /* ContactViewController.swift */,
			);
			path = VC;
			sourceTree = "<group>";
		};
		17604F152BC64A81005955EC /* Model */ = {
			isa = PBXGroup;
			children = (
				1737CFE12BBE64420065324C /* ContactStruct.swift */,
			);
			path = Model;
			sourceTree = "<group>";
		};
		17E6A3352BBC1059000E4867 = {
			isa = PBXGroup;
			children = (
				17E6A3402BBC1059000E4867 /* Pinxy_Prototype */,
				17E6A33F2BBC1059000E4867 /* Products */,
			);
			sourceTree = "<group>";
		};
		17E6A33F2BBC1059000E4867 /* Products */ = {
			isa = PBXGroup;
			children = (
				17E6A33E2BBC1059000E4867 /* Pinxy_Prototype.app */,
			);
			name = Products;
			sourceTree = "<group>";
		};
		17E6A3402BBC1059000E4867 /* Pinxy_Prototype */ = {
			isa = PBXGroup;
			children = (
				17E6A3412BBC1059000E4867 /* AppDelegate.swift */,
				17E6A3432BBC1059000E4867 /* SceneDelegate.swift */,
				17E6A3452BBC1059000E4867 /* ViewController.swift */,
				17E6A3472BBC1059000E4867 /* Main.storyboard */,
				17E6A34A2BBC105B000E4867 /* Assets.xcassets */,
				17E6A34C2BBC105B000E4867 /* LaunchScreen.storyboard */,
				17E6A34F2BBC105B000E4867 /* Info.plist */,
				17604F142BC64A68005955EC /* VC */,
				17604F152BC64A81005955EC /* Model */,
			);
			path = Pinxy_Prototype;
			sourceTree = "<group>";
		};
/* End PBXGroup section */

/* Begin PBXNativeTarget section */
		17E6A33D2BBC1059000E4867 /* Pinxy_Prototype */ = {
			isa = PBXNativeTarget;
			buildConfigurationList = 17E6A3522BBC105B000E4867 /* Build configuration list for PBXNativeTarget "Pinxy_Prototype" */;
			buildPhases = (
				17E6A33A2BBC1059000E4867 /* Sources */,
				17E6A33B2BBC1059000E4867 /* Frameworks */,
				17E6A33C2BBC1059000E4867 /* Resources */,
			);
			buildRules = (
			);
			dependencies = (
			);
			name = Pinxy_Prototype;
			productName = Pinxy_Prototype;
			productReference = 17E6A33E2BBC1059000E4867 /* Pinxy_Prototype.app */;
			productType = "com.apple.product-type.application";
		};
/* End PBXNativeTarget section */

/* Begin PBXProject section */
		17E6A3362BBC1059000E4867 /* Project object */ = {
			isa = PBXProject;
			attributes = {
				BuildIndependentTargetsInParallel = 1;
				LastSwiftUpdateCheck = 1530;
				LastUpgradeCheck = 1530;
				TargetAttributes = {
					17E6A33D2BBC1059000E4867 = {
						CreatedOnToolsVersion = 15.3;
					};
				};
			};
			buildConfigurationList = 17E6A3392BBC1059000E4867 /* Build configuration list for PBXProject "Pinxy_Prototype" */;
			compatibilityVersion = "Xcode 14.0";
			developmentRegion = en;
			hasScannedForEncodings = 0;
			knownRegions = (
				en,
				Base,
			);
			mainGroup = 17E6A3352BBC1059000E4867;
			productRefGroup = 17E6A33F2BBC1059000E4867 /* Products */;
			projectDirPath = "";
			projectRoot = "";
			targets = (
				17E6A33D2BBC1059000E4867 /* Pinxy_Prototype */,
			);
		};
/* End PBXProject section */

/* Begin PBXResourcesBuildPhase section */
		17E6A33C2BBC1059000E4867 /* Resources */ = {
			isa = PBXResourcesBuildPhase;
			buildActionMask = 2147483647;
			files = (
				17E6A34B2BBC105B000E4867 /* Assets.xcassets in Resources */,
				17E6A34E2BBC105B000E4867 /* Base in Resources */,
				17E6A3492BBC1059000E4867 /* Base in Resources */,
			);
			runOnlyForDeploymentPostprocessing = 0;
		};
/* End PBXResourcesBuildPhase section */

/* Begin PBXSourcesBuildPhase section */
		17E6A33A2BBC1059000E4867 /* Sources */ = {
			isa = PBXSourcesBuildPhase;
			buildActionMask = 2147483647;
			files = (
				17E6A3462BBC1059000E4867 /* ViewController.swift in Sources */,
				1737CFE82BBE6EF70065324C /* ContactViewController.swift in Sources */,
				1737CFE22BBE64420065324C /* ContactStruct.swift in Sources */,
				17E6A3562BBD0615000E4867 /* CameraViewController.swift in Sources */,
				17E6A3422BBC1059000E4867 /* AppDelegate.swift in Sources */,
				1737CFE62BBE6EB60065324C /* FriendsViewController.swift in Sources */,
				17E6A3442BBC1059000E4867 /* SceneDelegate.swift in Sources */,
			);
			runOnlyForDeploymentPostprocessing = 0;
		};
/* End PBXSourcesBuildPhase section */

/* Begin PBXVariantGroup section */
		17E6A3472BBC1059000E4867 /* Main.storyboard */ = {
			isa = PBXVariantGroup;
			children = (
				17E6A3482BBC1059000E4867 /* Base */,
			);
			name = Main.storyboard;
			sourceTree = "<group>";
		};
		17E6A34C2BBC105B000E4867 /* LaunchScreen.storyboard */ = {
			isa = PBXVariantGroup;
			children = (
				17E6A34D2BBC105B000E4867 /* Base */,
			);
			name = LaunchScreen.storyboard;
			sourceTree = "<group>";
		};
/* End PBXVariantGroup section */

/* Begin XCBuildConfiguration section */
		17E6A3502BBC105B000E4867 /* Debug */ = {
			isa = XCBuildConfiguration;
			buildSettings = {
				ALWAYS_SEARCH_USER_PATHS = NO;
				ASSETCATALOG_COMPILER_GENERATE_SWIFT_ASSET_SYMBOL_EXTENSIONS = YES;
				CLANG_ANALYZER_NONNULL = YES;
				CLANG_ANALYZER_NUMBER_OBJECT_CONVERSION = YES_AGGRESSIVE;
				CLANG_CXX_LANGUAGE_STANDARD = "gnu++20";
				CLANG_ENABLE_MODULES = YES;
				CLANG_ENABLE_OBJC_ARC = YES;
				CLANG_ENABLE_OBJC_WEAK = YES;
				CLANG_WARN_BLOCK_CAPTURE_AUTORELEASING = YES;
				CLANG_WARN_BOOL_CONVERSION = YES;
				CLANG_WARN_COMMA = YES;
				CLANG_WARN_CONSTANT_CONVERSION = YES;
				CLANG_WARN_DEPRECATED_OBJC_IMPLEMENTATIONS = YES;
				CLANG_WARN_DIRECT_OBJC_ISA_USAGE = YES_ERROR;
				CLANG_WARN_DOCUMENTATION_COMMENTS = YES;
				CLANG_WARN_EMPTY_BODY = YES;
				CLANG_WARN_ENUM_CONVERSION = YES;
				CLANG_WARN_INFINITE_RECURSION = YES;
				CLANG_WARN_INT_CONVERSION = YES;
				CLANG_WARN_NON_LITERAL_NULL_CONVERSION = YES;
				CLANG_WARN_OBJC_IMPLICIT_RETAIN_SELF = YES;
				CLANG_WARN_OBJC_LITERAL_CONVERSION = YES;
				CLANG_WARN_OBJC_ROOT_CLASS = YES_ERROR;
				CLANG_WARN_QUOTED_INCLUDE_IN_FRAMEWORK_HEADER = YES;
				CLANG_WARN_RANGE_LOOP_ANALYSIS = YES;
				CLANG_WARN_STRICT_PROTOTYPES = YES;
				CLANG_WARN_SUSPICIOUS_MOVE = YES;
				CLANG_WARN_UNGUARDED_AVAILABILITY = YES_AGGRESSIVE;
				CLANG_WARN_UNREACHABLE_CODE = YES;
				CLANG_WARN__DUPLICATE_METHOD_MATCH = YES;
				COPY_PHASE_STRIP = NO;
				DEBUG_INFORMATION_FORMAT = dwarf;
				ENABLE_STRICT_OBJC_MSGSEND = YES;
				ENABLE_TESTABILITY = YES;
				ENABLE_USER_SCRIPT_SANDBOXING = YES;
				GCC_C_LANGUAGE_STANDARD = gnu17;
				GCC_DYNAMIC_NO_PIC = NO;
				GCC_NO_COMMON_BLOCKS = YES;
				GCC_OPTIMIZATION_LEVEL = 0;
				GCC_PREPROCESSOR_DEFINITIONS = (
					"DEBUG=1",
					"$(inherited)",
				);
				GCC_WARN_64_TO_32_BIT_CONVERSION = YES;
				GCC_WARN_ABOUT_RETURN_TYPE = YES_ERROR;
				GCC_WARN_UNDECLARED_SELECTOR = YES;
				GCC_WARN_UNINITIALIZED_AUTOS = YES_AGGRESSIVE;
				GCC_WARN_UNUSED_FUNCTION = YES;
				GCC_WARN_UNUSED_VARIABLE = YES;
				IPHONEOS_DEPLOYMENT_TARGET = 17.4;
				LOCALIZATION_PREFERS_STRING_CATALOGS = YES;
				MTL_ENABLE_DEBUG_INFO = INCLUDE_SOURCE;
				MTL_FAST_MATH = YES;
				ONLY_ACTIVE_ARCH = YES;
				SDKROOT = iphoneos;
				SWIFT_ACTIVE_COMPILATION_CONDITIONS = "DEBUG $(inherited)";
				SWIFT_OPTIMIZATION_LEVEL = "-Onone";
			};
			name = Debug;
		};
		17E6A3512BBC105B000E4867 /* Release */ = {
			isa = XCBuildConfiguration;
			buildSettings = {
				ALWAYS_SEARCH_USER_PATHS = NO;
				ASSETCATALOG_COMPILER_GENERATE_SWIFT_ASSET_SYMBOL_EXTENSIONS = YES;
				CLANG_ANALYZER_NONNULL = YES;
				CLANG_ANALYZER_NUMBER_OBJECT_CONVERSION = YES_AGGRESSIVE;
				CLANG_CXX_LANGUAGE_STANDARD = "gnu++20";
				CLANG_ENABLE_MODULES = YES;
				CLANG_ENABLE_OBJC_ARC = YES;
				CLANG_ENABLE_OBJC_WEAK = YES;
				CLANG_WARN_BLOCK_CAPTURE_AUTORELEASING = YES;
				CLANG_WARN_BOOL_CONVERSION = YES;
				CLANG_WARN_COMMA = YES;
				CLANG_WARN_CONSTANT_CONVERSION = YES;
				CLANG_WARN_DEPRECATED_OBJC_IMPLEMENTATIONS = YES;
				CLANG_WARN_DIRECT_OBJC_ISA_USAGE = YES_ERROR;
				CLANG_WARN_DOCUMENTATION_COMMENTS = YES;
				CLANG_WARN_EMPTY_BODY = YES;
				CLANG_WARN_ENUM_CONVERSION = YES;
				CLANG_WARN_INFINITE_RECURSION = YES;
				CLANG_WARN_INT_CONVERSION = YES;
				CLANG_WARN_NON_LITERAL_NULL_CONVERSION = YES;
				CLANG_WARN_OBJC_IMPLICIT_RETAIN_SELF = YES;
				CLANG_WARN_OBJC_LITERAL_CONVERSION = YES;
				CLANG_WARN_OBJC_ROOT_CLASS = YES_ERROR;
				CLANG_WARN_QUOTED_INCLUDE_IN_FRAMEWORK_HEADER = YES;
				CLANG_WARN_RANGE_LOOP_ANALYSIS = YES;
				CLANG_WARN_STRICT_PROTOTYPES = YES;
				CLANG_WARN_SUSPICIOUS_MOVE = YES;
				CLANG_WARN_UNGUARDED_AVAILABILITY = YES_AGGRESSIVE;
				CLANG_WARN_UNREACHABLE_CODE = YES;
				CLANG_WARN__DUPLICATE_METHOD_MATCH = YES;
				COPY_PHASE_STRIP = NO;
				DEBUG_INFORMATION_FORMAT = "dwarf-with-dsym";
				ENABLE_NS_ASSERTIONS = NO;
				ENABLE_STRICT_OBJC_MSGSEND = YES;
				ENABLE_USER_SCRIPT_SANDBOXING = YES;
				GCC_C_LANGUAGE_STANDARD = gnu17;
				GCC_NO_COMMON_BLOCKS = YES;
				GCC_WARN_64_TO_32_BIT_CONVERSION = YES;
				GCC_WARN_ABOUT_RETURN_TYPE = YES_ERROR;
				GCC_WARN_UNDECLARED_SELECTOR = YES;
				GCC_WARN_UNINITIALIZED_AUTOS = YES_AGGRESSIVE;
				GCC_WARN_UNUSED_FUNCTION = YES;
				GCC_WARN_UNUSED_VARIABLE = YES;
				IPHONEOS_DEPLOYMENT_TARGET = 17.4;
				LOCALIZATION_PREFERS_STRING_CATALOGS = YES;
				MTL_ENABLE_DEBUG_INFO = NO;
				MTL_FAST_MATH = YES;
				SDKROOT = iphoneos;
				SWIFT_COMPILATION_MODE = wholemodule;
				VALIDATE_PRODUCT = YES;
			};
			name = Release;
		};
		17E6A3532BBC105B000E4867 /* Debug */ = {
			isa = XCBuildConfiguration;
			buildSettings = {
				ASSETCATALOG_COMPILER_APPICON_NAME = AppIcon;
				ASSETCATALOG_COMPILER_GLOBAL_ACCENT_COLOR_NAME = AccentColor;
				CODE_SIGN_STYLE = Automatic;
				CURRENT_PROJECT_VERSION = 1;
				DEVELOPMENT_TEAM = GMPQYC266M;
				GENERATE_INFOPLIST_FILE = YES;
				INFOPLIST_FILE = Pinxy_Prototype/Info.plist;
				INFOPLIST_KEY_UIApplicationSupportsIndirectInputEvents = YES;
				INFOPLIST_KEY_UILaunchStoryboardName = LaunchScreen;
				INFOPLIST_KEY_UIMainStoryboardFile = Main;
				INFOPLIST_KEY_UISupportedInterfaceOrientations_iPad = "UIInterfaceOrientationPortrait UIInterfaceOrientationPortraitUpsideDown UIInterfaceOrientationLandscapeLeft UIInterfaceOrientationLandscapeRight";
				INFOPLIST_KEY_UISupportedInterfaceOrientations_iPhone = "UIInterfaceOrientationPortrait UIInterfaceOrientationLandscapeLeft UIInterfaceOrientationLandscapeRight";
				LD_RUNPATH_SEARCH_PATHS = (
					"$(inherited)",
					"@executable_path/Frameworks",
				);
				MARKETING_VERSION = 1.0;
				PRODUCT_BUNDLE_IDENTIFIER = "com.Ananaya.Pinxy-Prototype";
				PRODUCT_NAME = "$(TARGET_NAME)";
				SWIFT_EMIT_LOC_STRINGS = YES;
				SWIFT_VERSION = 5.0;
				TARGETED_DEVICE_FAMILY = "1,2";
			};
			name = Debug;
		};
		17E6A3542BBC105B000E4867 /* Release */ = {
			isa = XCBuildConfiguration;
			buildSettings = {
				ASSETCATALOG_COMPILER_APPICON_NAME = AppIcon;
				ASSETCATALOG_COMPILER_GLOBAL_ACCENT_COLOR_NAME = AccentColor;
				CODE_SIGN_STYLE = Automatic;
				CURRENT_PROJECT_VERSION = 1;
				DEVELOPMENT_TEAM = GMPQYC266M;
				GENERATE_INFOPLIST_FILE = YES;
				INFOPLIST_FILE = Pinxy_Prototype/Info.plist;
				INFOPLIST_KEY_UIApplicationSupportsIndirectInputEvents = YES;
				INFOPLIST_KEY_UILaunchStoryboardName = LaunchScreen;
				INFOPLIST_KEY_UIMainStoryboardFile = Main;
				INFOPLIST_KEY_UISupportedInterfaceOrientations_iPad = "UIInterfaceOrientationPortrait UIInterfaceOrientationPortraitUpsideDown UIInterfaceOrientationLandscapeLeft UIInterfaceOrientationLandscapeRight";
				INFOPLIST_KEY_UISupportedInterfaceOrientations_iPhone = "UIInterfaceOrientationPortrait UIInterfaceOrientationLandscapeLeft UIInterfaceOrientationLandscapeRight";
				LD_RUNPATH_SEARCH_PATHS = (
					"$(inherited)",
					"@executable_path/Frameworks",
				);
				MARKETING_VERSION = 1.0;
				PRODUCT_BUNDLE_IDENTIFIER = "com.Ananaya.Pinxy-Prototype";
				PRODUCT_NAME = "$(TARGET_NAME)";
				SWIFT_EMIT_LOC_STRINGS = YES;
				SWIFT_VERSION = 5.0;
				TARGETED_DEVICE_FAMILY = "1,2";
			};
			name = Release;
		};
/* End XCBuildConfiguration section */

/* Begin XCConfigurationList section */
		17E6A3392BBC1059000E4867 /* Build configuration list for PBXProject "Pinxy_Prototype" */ = {
			isa = XCConfigurationList;
			buildConfigurations = (
				17E6A3502BBC105B000E4867 /* Debug */,
				17E6A3512BBC105B000E4867 /* Release */,
			);
			defaultConfigurationIsVisible = 0;
			defaultConfigurationName = Release;
		};
		17E6A3522BBC105B000E4867 /* Build configuration list for PBXNativeTarget "Pinxy_Prototype" */ = {
			isa = XCConfigurationList;
			buildConfigurations = (
				17E6A3532BBC105B000E4867 /* Debug */,
				17E6A3542BBC105B000E4867 /* Release */,
			);
			defaultConfigurationIsVisible = 0;
			defaultConfigurationName = Release;
		};
/* End XCConfigurationList section */
	};
	rootObject = 17E6A3362BBC1059000E4867 /* Project object */;
}
